
Microsoft Visual Studio Solution File, Format Version 12.00
# Visual Studio Version 17
VisualStudioVersion = 17.10.35004.147
MinimumVisualStudioVersion = 10.0.40219.1
Project("{8BC9CEB8-8B4A-11D0-8D11-00A0C91BC942}") = "EncDecrypt", "EncDecrypt\EncDecrypt.vcxproj", "{17621AF7-62AD-4AF3-A6F2-FDCC9D610D1B}"
EndProject
Global
	GlobalSection(SolutionConfigurationPlatforms) = preSolution
		Debug|x64 = Debug|x64
		Debug|x86 = Debug|x86
		Release|x64 = Release|x64
		Release|x86 = Release|x86
	EndGlobalSection
	GlobalSection(ProjectConfigurationPlatforms) = postSolution
		{17621AF7-62AD-4AF3-A6F2-FDCC9D610D1B}.Debug|x64.ActiveCfg = Debug|x64
		{17621AF7-62AD-4AF3-A6F2-FDCC9D610D1B}.Debug|x64.Build.0 = Debug|x64
		{17621AF7-62AD-4AF3-A6F2-FDCC9D610D1B}.Debug|x86.ActiveCfg = Debug|Win32
		{17621AF7-62AD-4AF3-A6F2-FDCC9D610D1B}.Debug|x86.Build.0 = Debug|Win32
		{17621AF7-62AD-4AF3-A6F2-FDCC9D610D1B}.Release|x64.ActiveCfg = Release|x64
		{17621AF7-62AD-4AF3-A6F2-FDCC9D610D1B}.Release|x64.Build.0 = Release|x64
		{17621AF7-62AD-4AF3-A6F2-FDCC9D610D1B}.Release|x86.ActiveCfg = Release|Win32
		{17621AF7-62AD-4AF3-A6F2-FDCC9D610D1B}.Release|x86.Build.0 = Release|Win32
	EndGlobalSection
	GlobalSection(SolutionProperties) = preSolution
		HideSolutionNode = FALSE
	EndGlobalSection
	GlobalSection(ExtensibilityGlobals) = postSolution
		SolutionGuid = {A0970F76-1AB2-47D6-828C-2FBECD4CF744}
	EndGlobalSection
EndGlobal
